{
  "name": "@webreflection/bindings",
  "version": "0.1.0",
  "lockfileVersion": 3,
  "requires": true,
  "packages": {
    "": {
      "name": "@webreflection/bindings",
      "version": "0.1.0",
      "license": "MIT",
      "dependencies": {
        "@webreflection/utils": "^0.3.6",
        "next-resolver": "^0.2.2"
      }
    },
    "node_modules/@webreflection/utils": {
      "version": "0.3.6",
      "resolved": "https://registry.npmjs.org/@webreflection/utils/-/utils-0.3.6.tgz",
      "integrity": "sha512-bmx5ypfCHhaqxbsg4gzrVGSEQPNQ8PyEzXQ9enK/yLOVezS5R08IIsF6RyBBw8phX74fdte3nSAsFQ+qqN6OYA==",
      "license": "MIT"
    },
    "node_modules/next-resolver": {
      "version": "0.2.2",
      "resolved": "https://registry.npmjs.org/next-resolver/-/next-resolver-0.2.2.tgz",
      "integrity": "sha512-BwzezyhOQrIdAyPeZkw0p2hys9qwtLUmrGyI02tm4leY4QKB4gmlDUMdcoHqnUP4VJnIi8V2sb0PQFPgX10Evw==",
      "license": "MIT",
      "dependencies": {
        "@webreflection/utils": "^0.3.6"
      }
    }
  }
}
