{
  "name": "@webreflection/bindings",
  "version": "0.0.0",
  "lockfileVersion": 3,
  "requires": true,
  "packages": {
    "": {
      "name": "@webreflection/bindings",
      "version": "0.0.0",
      "license": "MIT",
      "dependencies": {
        "@webreflection/utils": "^0.3.6",
        "next-resolver": "^0.2.0"
      }
    },
    "node_modules/@webreflection/utils": {
      "version": "0.3.6",
      "resolved": "https://registry.npmjs.org/@webreflection/utils/-/utils-0.3.6.tgz",
      "integrity": "sha512-bmx5ypfCHhaqxbsg4gzrVGSEQPNQ8PyEzXQ9enK/yLOVezS5R08IIsF6RyBBw8phX74fdte3nSAsFQ+qqN6OYA==",
      "license": "MIT"
    },
    "node_modules/next-resolver": {
      "version": "0.2.0",
      "resolved": "https://registry.npmjs.org/next-resolver/-/next-resolver-0.2.0.tgz",
      "integrity": "sha512-a+A4gLkL1aYPp7cjT+V3i40vo6yqtTG5v4O/U1cmy6kYrUwhc0LsLYTADdnhYJRtTT+jLoNWlZnU4vdsgwsP1w==",
      "license": "MIT",
      "dependencies": {
        "@webreflection/utils": "^0.3.6",
        "weak-id": "^0.2.1"
      }
    },
    "node_modules/weak-id": {
      "version": "0.2.1",
      "resolved": "https://registry.npmjs.org/weak-id/-/weak-id-0.2.1.tgz",
      "integrity": "sha512-tgMSPjzThNo85XCLn9CpxhVnKMATbdlCdAnIex7kdq6U0zvRcn9hUKOv1Gh5iOa2cH9gGTp1Go5jNPjrLHyVJA==",
      "license": "MIT"
    }
  }
}
